# This file is autogenerated, do not edit; changes may be undone by the next 'dep ensure'.


[[projects]]
  name = "github.com/jessevdk/go-flags"
  packages = ["."]
  revision = "c6ca198ec95c841fdb89fc0de7496fed11ab854e"
  version = "v1.4.0"

[[projects]]
  name = "github.com/labstack/gommon"
  packages = ["color"]
  revision = "7fd9f68ece0bcb1a905fac8f1549f0083f71c51b"
  version = "v0.2.8"

[[projects]]
  name = "github.com/mattn/go-colorable"
  packages = ["."]
  revision = "167de6bfdfba052fa6b2d3664c8f5272e23c9072"
  version = "v0.0.9"

[[projects]]
  name = "github.com/mattn/go-isatty"
  packages = ["."]
  revision = "6ca4dbf54d38eea1a992b3c722a76a5d1c4cb25c"
  version = "v0.0.4"

[[projects]]
  branch = "master"
  name = "github.com/mgutz/ansi"
  packages = ["."]
  revision = "9520e82c474b0a04dd04f8a40959027271bab992"

[[projects]]
  branch = "master"
  name = "github.com/richardlehane/mscfb"
  packages = ["."]
  revision = "ed4c0086af45ea83af5c733c0f0beb6c50b4c8e1"

[[projects]]
  branch = "master"
  name = "github.com/richardlehane/msoleps"
  packages = ["types"]
  revision = "616c65031d126bc15d4ee88c3fcc725af09310f8"

[[projects]]
  branch = "master"
  name = "github.com/woanware/goutil"
  packages = ["."]
  revision = "cc8af698c897ea80eeb072de45276ef99aab791d"

[[projects]]
  branch = "master"
  name = "golang.org/x/sys"
  packages = ["unix"]
  revision = "93218def8b18e66adbdab3eca8ec334700329f1f"

[solve-meta]
  analyzer-name = "dep"
  analyzer-version = 1
  inputs-digest = "bfe8276b091caaf36e04d7a53817751be53fc91381fbaa90736e1ebce6778246"
  solver-name = "gps-cdcl"
  solver-version = 1
